// !$*UTF8*$!
{
	archiveVersion = 1;
	classes = {
	};
	objectVersion = 46;
	objects = {

/* Begin PBXBuildFile section */
		182A70711A1D30320011A393 /* AppDelegate.swift in Sources */ = {isa = PBXBuildFile; fileRef = 182A70701A1D30320011A393 /* AppDelegate.swift */; };
		182A70731A1D30320011A393 /* FirstViewController.swift in Sources */ = {isa = PBXBuildFile; fileRef = 182A70721A1D30320011A393 /* FirstViewController.swift */; };
		182A70751A1D30320011A393 /* SecondViewController.swift in Sources */ = {isa = PBXBuildFile; fileRef = 182A70741A1D30320011A393 /* SecondViewController.swift */; };
		182A70781A1D30320011A393 /* Main.storyboard in Resources */ = {isa = PBXBuildFile; fileRef = 182A70761A1D30320011A393 /* Main.storyboard */; };
		182A707A1A1D30320011A393 /* Images.xcassets in Resources */ = {isa = PBXBuildFile; fileRef = 182A70791A1D30320011A393 /* Images.xcassets */; };
		182A707D1A1D30320011A393 /* LaunchScreen.xib in Resources */ = {isa = PBXBuildFile; fileRef = 182A707B1A1D30320011A393 /* LaunchScreen.xib */; };
		182A70891A1D30320011A393 /* AppReservaTests.swift in Sources */ = {isa = PBXBuildFile; fileRef = 182A70881A1D30320011A393 /* AppReservaTests.swift */; };
/* End PBXBuildFile section */

/* Begin PBXContainerItemProxy section */
		182A70831A1D30320011A393 /* PBXContainerItemProxy */ = {
			isa = PBXContainerItemProxy;
			containerPortal = 182A70631A1D30310011A393 /* Project object */;
			proxyType = 1;
			remoteGlobalIDString = 182A706A1A1D30310011A393;
			remoteInfo = AppReserva;
		};
/* End PBXContainerItemProxy section */

/* Begin PBXFileReference section */
		182A706B1A1D30310011A393 /* AppReserva.app */ = {isa = PBXFileReference; explicitFileType = wrapper.application; includeInIndex = 0; path = AppReserva.app; sourceTree = BUILT_PRODUCTS_DIR; };
		182A706F1A1D30320011A393 /* Info.plist */ = {isa = PBXFileReference; lastKnownFileType = text.plist.xml; path = Info.plist; sourceTree = "<group>"; };
		182A70701A1D30320011A393 /* AppDelegate.swift */ = {isa = PBXFileReference; lastKnownFileType = sourcecode.swift; path = AppDelegate.swift; sourceTree = "<group>"; };
		182A70721A1D30320011A393 /* FirstViewController.swift */ = {isa = PBXFileReference; lastKnownFileType = sourcecode.swift; path = FirstViewController.swift; sourceTree = "<group>"; };
		182A70741A1D30320011A393 /* SecondViewController.swift */ = {isa = PBXFileReference; lastKnownFileType = sourcecode.swift; path = SecondViewController.swift; sourceTree = "<group>"; };
		182A70771A1D30320011A393 /* Base */ = {isa = PBXFileReference; lastKnownFileType = file.storyboard; name = Base; path = Base.lproj/Main.storyboard; sourceTree = "<group>"; };
		182A70791A1D30320011A393 /* Images.xcassets */ = {isa = PBXFileReference; lastKnownFileType = folder.assetcatalog; path = Images.xcassets; sourceTree = "<group>"; };
		182A707C1A1D30320011A393 /* Base */ = {isa = PBXFileReference; lastKnownFileType = file.xib; name = Base; path = Base.lproj/LaunchScreen.xib; sourceTree = "<group>"; };
		182A70821A1D30320011A393 /* AppReservaTests.xctest */ = {isa = PBXFileReference; explicitFileType = wrapper.cfbundle; includeInIndex = 0; path = AppReservaTests.xctest; sourceTree = BUILT_PRODUCTS_DIR; };
		182A70871A1D30320011A393 /* Info.plist */ = {isa = PBXFileReference; lastKnownFileType = text.plist.xml; path = Info.plist; sourceTree = "<group>"; };
		182A70881A1D30320011A393 /* AppReservaTests.swift */ = {isa = PBXFileReference; lastKnownFileType = sourcecode.swift; path = AppReservaTests.swift; sourceTree = "<group>"; };
/* End PBXFileReference section */

/* Begin PBXFrameworksBuildPhase section */
		182A70681A1D30310011A393 /* Frameworks */ = {
			isa = PBXFrameworksBuildPhase;
			buildActionMask = 2147483647;
			files = (
			);
			runOnlyForDeploymentPostprocessing = 0;
		};
		182A707F1A1D30320011A393 /* Frameworks */ = {
			isa = PBXFrameworksBuildPhase;
			buildActionMask = 2147483647;
			files = (
			);
			runOnlyForDeploymentPostprocessing = 0;
		};
/* End PBXFrameworksBuildPhase section */

/* Begin PBXGroup section */
		182A70621A1D30310011A393 = {
			isa = PBXGroup;
			children = (
				182A706D1A1D30310011A393 /* AppReserva */,
				182A70851A1D30320011A393 /* AppReservaTests */,
				182A706C1A1D30310011A393 /* Products */,
			);
			sourceTree = "<group>";
		};
		182A706C1A1D30310011A393 /* Products */ = {
			isa = PBXGroup;
			children = (
				182A706B1A1D30310011A393 /* AppReserva.app */,
				182A70821A1D30320011A393 /* AppReservaTests.xctest */,
			);
			name = Products;
			sourceTree = "<group>";
		};
		182A706D1A1D30310011A393 /* AppReserva */ = {
			isa = PBXGroup;
			children = (
				182A70701A1D30320011A393 /* AppDelegate.swift */,
				182A70721A1D30320011A393 /* FirstViewController.swift */,
				182A70741A1D30320011A393 /* SecondViewController.swift */,
				182A70761A1D30320011A393 /* Main.storyboard */,
				182A70791A1D30320011A393 /* Images.xcassets */,
				182A707B1A1D30320011A393 /* LaunchScreen.xib */,
				182A706E1A1D30320011A393 /* Supporting Files */,
			);
			path = AppReserva;
			sourceTree = "<group>";
		};
		182A706E1A1D30320011A393 /* Supporting Files */ = {
			isa = PBXGroup;
			children = (
				182A706F1A1D30320011A393 /* Info.plist */,
			);
			name = "Supporting Files";
			sourceTree = "<group>";
		};
		182A70851A1D30320011A393 /* AppReservaTests */ = {
			isa = PBXGroup;
			children = (
				182A70881A1D30320011A393 /* AppReservaTests.swift */,
				182A70861A1D30320011A393 /* Supporting Files */,
			);
			path = AppReservaTests;
			sourceTree = "<group>";
		};
		182A70861A1D30320011A393 /* Supporting Files */ = {
			isa = PBXGroup;
			children = (
				182A70871A1D30320011A393 /* Info.plist */,
			);
			name = "Supporting Files";
			sourceTree = "<group>";
		};
/* End PBXGroup section */

/* Begin PBXNativeTarget section */
		182A706A1A1D30310011A393 /* AppReserva */ = {
			isa = PBXNativeTarget;
			buildConfigurationList = 182A708C1A1D30320011A393 /* Build configuration list for PBXNativeTarget "AppReserva" */;
			buildPhases = (
				182A70671A1D30310011A393 /* Sources */,
				182A70681A1D30310011A393 /* Frameworks */,
				182A70691A1D30310011A393 /* Resources */,
			);
			buildRules = (
			);
			dependencies = (
			);
			name = AppReserva;
			productName = AppReserva;
			productReference = 182A706B1A1D30310011A393 /* AppReserva.app */;
			productType = "com.apple.product-type.application";
		};
		182A70811A1D30320011A393 /* AppReservaTests */ = {
			isa = PBXNativeTarget;
			buildConfigurationList = 182A708F1A1D30320011A393 /* Build configuration list for PBXNativeTarget "AppReservaTests" */;
			buildPhases = (
				182A707E1A1D30320011A393 /* Sources */,
				182A707F1A1D30320011A393 /* Frameworks */,
				182A70801A1D30320011A393 /* Resources */,
			);
			buildRules = (
			);
			dependencies = (
				182A70841A1D30320011A393 /* PBXTargetDependency */,
			);
			name = AppReservaTests;
			productName = AppReservaTests;
			productReference = 182A70821A1D30320011A393 /* AppReservaTests.xctest */;
			productType = "com.apple.product-type.bundle.unit-test";
		};
/* End PBXNativeTarget section */

/* Begin PBXProject section */
		182A70631A1D30310011A393 /* Project object */ = {
			isa = PBXProject;
			attributes = {
				LastUpgradeCheck = 0610;
				ORGANIZATIONNAME = IcuScc;
				TargetAttributes = {
					182A706A1A1D30310011A393 = {
						CreatedOnToolsVersion = 6.1;
					};
					182A70811A1D30320011A393 = {
						CreatedOnToolsVersion = 6.1;
						TestTargetID = 182A706A1A1D30310011A393;
					};
				};
			};
			buildConfigurationList = 182A70661A1D30310011A393 /* Build configuration list for PBXProject "AppReserva" */;
			compatibilityVersion = "Xcode 3.2";
			developmentRegion = English;
			hasScannedForEncodings = 0;
			knownRegions = (
				en,
				Base,
			);
			mainGroup = 182A70621A1D30310011A393;
			productRefGroup = 182A706C1A1D30310011A393 /* Products */;
			projectDirPath = "";
			projectRoot = "";
			targets = (
				182A706A1A1D30310011A393 /* AppReserva */,
				182A70811A1D30320011A393 /* AppReservaTests */,
			);
		};
/* End PBXProject section */

/* Begin PBXResourcesBuildPhase section */
		182A70691A1D30310011A393 /* Resources */ = {
			isa = PBXResourcesBuildPhase;
			buildActionMask = 2147483647;
			files = (
				182A70781A1D30320011A393 /* Main.storyboard in Resources */,
				182A707D1A1D30320011A393 /* LaunchScreen.xib in Resources */,
				182A707A1A1D30320011A393 /* Images.xcassets in Resources */,
			);
			runOnlyForDeploymentPostprocessing = 0;
		};
		182A70801A1D30320011A393 /* Resources */ = {
			isa = PBXResourcesBuildPhase;
			buildActionMask = 2147483647;
			files = (
			);
			runOnlyForDeploymentPostprocessing = 0;
		};
/* End PBXResourcesBuildPhase section */

/* Begin PBXSourcesBuildPhase section */
		182A70671A1D30310011A393 /* Sources */ = {
			isa = PBXSourcesBuildPhase;
			buildActionMask = 2147483647;
			files = (
				182A70751A1D30320011A393 /* SecondViewController.swift in Sources */,
				182A70711A1D30320011A393 /* AppDelegate.swift in Sources */,
				182A70731A1D30320011A393 /* FirstViewController.swift in Sources */,
			);
			runOnlyForDeploymentPostprocessing = 0;
		};
		182A707E1A1D30320011A393 /* Sources */ = {
			isa = PBXSourcesBuildPhase;
			buildActionMask = 2147483647;
			files = (
				182A70891A1D30320011A393 /* AppReservaTests.swift in Sources */,
			);
			runOnlyForDeploymentPostprocessing = 0;
		};
/* End PBXSourcesBuildPhase section */

/* Begin PBXTargetDependency section */
		182A70841A1D30320011A393 /* PBXTargetDependency */ = {
			isa = PBXTargetDependency;
			target = 182A706A1A1D30310011A393 /* AppReserva */;
			targetProxy = 182A70831A1D30320011A393 /* PBXContainerItemProxy */;
		};
/* End PBXTargetDependency section */

/* Begin PBXVariantGroup section */
		182A70761A1D30320011A393 /* Main.storyboard */ = {
			isa = PBXVariantGroup;
			children = (
				182A70771A1D30320011A393 /* Base */,
			);
			name = Main.storyboard;
			sourceTree = "<group>";
		};
		182A707B1A1D30320011A393 /* LaunchScreen.xib */ = {
			isa = PBXVariantGroup;
			children = (
				182A707C1A1D30320011A393 /* Base */,
			);
			name = LaunchScreen.xib;
			sourceTree = "<group>";
		};
/* End PBXVariantGroup section */

/* Begin XCBuildConfiguration section */
		182A708A1A1D30320011A393 /* Debug */ = {
			isa = XCBuildConfiguration;
			buildSettings = {
				ALWAYS_SEARCH_USER_PATHS = NO;
				CLANG_CXX_LANGUAGE_STANDARD = "gnu++0x";
				CLANG_CXX_LIBRARY = "libc++";
				CLANG_ENABLE_MODULES = YES;
				CLANG_ENABLE_OBJC_ARC = YES;
				CLANG_WARN_BOOL_CONVERSION = YES;
				CLANG_WARN_CONSTANT_CONVERSION = YES;
				CLANG_WARN_DIRECT_OBJC_ISA_USAGE = YES_ERROR;
				CLANG_WARN_EMPTY_BODY = YES;
				CLANG_WARN_ENUM_CONVERSION = YES;
				CLANG_WARN_INT_CONVERSION = YES;
				CLANG_WARN_OBJC_ROOT_CLASS = YES_ERROR;
				CLANG_WARN_UNREACHABLE_CODE = YES;
				CLANG_WARN__DUPLICATE_METHOD_MATCH = YES;
				"CODE_SIGN_IDENTITY[sdk=iphoneos*]" = "iPhone Developer";
				COPY_PHASE_STRIP = NO;
				ENABLE_STRICT_OBJC_MSGSEND = YES;
				GCC_C_LANGUAGE_STANDARD = gnu99;
				GCC_DYNAMIC_NO_PIC = NO;
				GCC_OPTIMIZATION_LEVEL = 0;
				GCC_PREPROCESSOR_DEFINITIONS = (
					"DEBUG=1",
					"$(inherited)",
				);
				GCC_SYMBOLS_PRIVATE_EXTERN = NO;
				GCC_WARN_64_TO_32_BIT_CONVERSION = YES;
				GCC_WARN_ABOUT_RETURN_TYPE = YES_ERROR;
				GCC_WARN_UNDECLARED_SELECTOR = YES;
				GCC_WARN_UNINITIALIZED_AUTOS = YES_AGGRESSIVE;
				GCC_WARN_UNUSED_FUNCTION = YES;
				GCC_WARN_UNUSED_VARIABLE = YES;
				IPHONEOS_DEPLOYMENT_TARGET = 8.1;
				MTL_ENABLE_DEBUG_INFO = YES;
				ONLY_ACTIVE_ARCH = YES;
				SDKROOT = iphoneos;
				SWIFT_OPTIMIZATION_LEVEL = "-Onone";
				TARGETED_DEVICE_FAMILY = "1,2";
			};
			name = Debug;
		};
		182A708B1A1D30320011A393 /* Release */ = {
			isa = XCBuildConfiguration;
			buildSettings = {
				ALWAYS_SEARCH_USER_PATHS = NO;
				CLANG_CXX_LANGUAGE_STANDARD = "gnu++0x";
				CLANG_CXX_LIBRARY = "libc++";
				CLANG_ENABLE_MODULES = YES;
				CLANG_ENABLE_OBJC_ARC = YES;
				CLANG_WARN_BOOL_CONVERSION = YES;
				CLANG_WARN_CONSTANT_CONVERSION = YES;
				CLANG_WARN_DIRECT_OBJC_ISA_USAGE = YES_ERROR;
				CLANG_WARN_EMPTY_BODY = YES;
				CLANG_WARN_ENUM_CONVERSION = YES;
				CLANG_WARN_INT_CONVERSION = YES;
				CLANG_WARN_OBJC_ROOT_CLASS = YES_ERROR;
				CLANG_WARN_UNREACHABLE_CODE = YES;
				CLANG_WARN__DUPLICATE_METHOD_MATCH = YES;
				"CODE_SIGN_IDENTITY[sdk=iphoneos*]" = "iPhone Developer";
				COPY_PHASE_STRIP = YES;
				ENABLE_NS_ASSERTIONS = NO;
				ENABLE_STRICT_OBJC_MSGSEND = YES;
				GCC_C_LANGUAGE_STANDARD = gnu99;
				GCC_WARN_64_TO_32_BIT_CONVERSION = YES;
				GCC_WARN_ABOUT_RETURN_TYPE = YES_ERROR;
				GCC_WARN_UNDECLARED_SELECTOR = YES;
				GCC_WARN_UNINITIALIZED_AUTOS = YES_AGGRESSIVE;
				GCC_WARN_UNUSED_FUNCTION = YES;
				GCC_WARN_UNUSED_VARIABLE = YES;
				IPHONEOS_DEPLOYMENT_TARGET = 8.1;
				MTL_ENABLE_DEBUG_INFO = NO;
				SDKROOT = iphoneos;
				TARGETED_DEVICE_FAMILY = "1,2";
				VALIDATE_PRODUCT = YES;
			};
			name = Release;
		};
		182A708D1A1D30320011A393 /* Debug */ = {
			isa = XCBuildConfiguration;
			buildSettings = {
				ASSETCATALOG_COMPILER_APPICON_NAME = AppIcon;
				INFOPLIST_FILE = AppReserva/Info.plist;
				LD_RUNPATH_SEARCH_PATHS = "$(inherited) @executable_path/Frameworks";
				PRODUCT_NAME = "$(TARGET_NAME)";
			};
			name = Debug;
		};
		182A708E1A1D30320011A393 /* Release */ = {
			isa = XCBuildConfiguration;
			buildSettings = {
				ASSETCATALOG_COMPILER_APPICON_NAME = AppIcon;
				INFOPLIST_FILE = AppReserva/Info.plist;
				LD_RUNPATH_SEARCH_PATHS = "$(inherited) @executable_path/Frameworks";
				PRODUCT_NAME = "$(TARGET_NAME)";
			};
			name = Release;
		};
		182A70901A1D30320011A393 /* Debug */ = {
			isa = XCBuildConfiguration;
			buildSettings = {
				BUNDLE_LOADER = "$(TEST_HOST)";
				FRAMEWORK_SEARCH_PATHS = (
					"$(SDKROOT)/Developer/Library/Frameworks",
					"$(inherited)",
				);
				GCC_PREPROCESSOR_DEFINITIONS = (
					"DEBUG=1",
					"$(inherited)",
				);
				INFOPLIST_FILE = AppReservaTests/Info.plist;
				LD_RUNPATH_SEARCH_PATHS = "$(inherited) @executable_path/Frameworks @loader_path/Frameworks";
				PRODUCT_NAME = "$(TARGET_NAME)";
				TEST_HOST = "$(BUILT_PRODUCTS_DIR)/AppReserva.app/AppReserva";
			};
			name = Debug;
		};
		182A70911A1D30320011A393 /* Release */ = {
			isa = XCBuildConfiguration;
			buildSettings = {
				BUNDLE_LOADER = "$(TEST_HOST)";
				FRAMEWORK_SEARCH_PATHS = (
					"$(SDKROOT)/Developer/Library/Frameworks",
					"$(inherited)",
				);
				INFOPLIST_FILE = AppReservaTests/Info.plist;
				LD_RUNPATH_SEARCH_PATHS = "$(inherited) @executable_path/Frameworks @loader_path/Frameworks";
				PRODUCT_NAME = "$(TARGET_NAME)";
				TEST_HOST = "$(BUILT_PRODUCTS_DIR)/AppReserva.app/AppReserva";
			};
			name = Release;
		};
/* End XCBuildConfiguration section */

/* Begin XCConfigurationList section */
		182A70661A1D30310011A393 /* Build configuration list for PBXProject "AppReserva" */ = {
			isa = XCConfigurationList;
			buildConfigurations = (
				182A708A1A1D30320011A393 /* Debug */,
				182A708B1A1D30320011A393 /* Release */,
			);
			defaultConfigurationIsVisible = 0;
			defaultConfigurationName = Release;
		};
		182A708C1A1D30320011A393 /* Build configuration list for PBXNativeTarget "AppReserva" */ = {
			isa = XCConfigurationList;
			buildConfigurations = (
				182A708D1A1D30320011A393 /* Debug */,
				182A708E1A1D30320011A393 /* Release */,
			);
			defaultConfigurationIsVisible = 0;
		};
		182A708F1A1D30320011A393 /* Build configuration list for PBXNativeTarget "AppReservaTests" */ = {
			isa = XCConfigurationList;
			buildConfigurations = (
				182A70901A1D30320011A393 /* Debug */,
				182A70911A1D30320011A393 /* Release */,
			);
			defaultConfigurationIsVisible = 0;
		};
/* End XCConfigurationList section */
	};
	rootObject = 182A70631A1D30310011A393 /* Project object */;
}
